schema: '2.0'
stages:
  preprocess:
    cmd: python -m src.preprocess --config configs/forecast_detection/preprocess.json
    deps:
    - path: configs/forecast_detection/preprocess.json
      hash: md5
      md5: 7a01baf7f38569412238cdc974bc1102
      size: 259
    - path: external_data/detection_rates/metr_public_evals_all_runs.jsonl
      hash: md5
      md5: 68452f6c550ac971c9fb13c0a1181702
      size: 9757033
    - path: src/preprocess.py
      hash: md5
      md5: 7288dfb20bfa22ddaaec181726d61964
      size: 2660
    outs:
    - path: output/forecast_detection/processed_data.csv
      hash: md5
      md5: 751a014873ecfa17ce7dabed23864a21
      size: 4888168
  model_ability_regression:
    cmd: python -m src.model_ability_regression --input output/forecast_detection/processed_data.csv
      --output output/forecast_detection/logistic_fit_results.json
    deps:
    - path: output/forecast_detection/processed_data.csv
      hash: md5
      md5: 751a014873ecfa17ce7dabed23864a21
      size: 4888168
    - path: src/model_ability_regression.py
      hash: md5
      md5: 0ce4a21739af2e51c12f15e6bb8ef63e
      size: 3401
    outs:
    - path: output/forecast_detection/logistic_fit_results.json
      hash: md5
      md5: eab1e4203259e62ec72a1f435a34965d
      size: 2096
  forecast_ability:
    cmd: python -m src.forecast_ability --params output/forecast_detection/logistic_fit_results.json
      --config configs/forecast_detection/forecast_ability.json --out output/forecast_detection/ability_forecasts.csv
    deps:
    - path: configs/forecast_detection/forecast_ability.json
      hash: md5
      md5: 8a89261b6d633096b1c6af465e6cdc5a
      size: 303
    - path: output/forecast_detection/logistic_fit_results.json
      hash: md5
      md5: eab1e4203259e62ec72a1f435a34965d
      size: 2096
    - path: src/forecast_ability.py
      hash: md5
      md5: f115d5b9bd670b244a8472bfe986d14d
      size: 21990
    outs:
    - path: output/forecast_detection/ability_forecasts.csv
      hash: md5
      md5: 06807c429c453d6bea4f4fae6e5d5b70
      size: 11896
  explore_ability_forecasts:
    cmd: python -m src.tools.explore_ability_forecasts --input output/forecast_detection/ability_forecasts.csv
      --output reports/forecast_detection/ability_visualizations
    deps:
    - path: output/forecast_detection/ability_forecasts.csv
      hash: md5
      md5: 06807c429c453d6bea4f4fae6e5d5b70
      size: 11896
    - path: src/tools/explore_ability_forecasts.py
      hash: md5
      md5: 24c07edb44ea0aa60fc8f4b67519506c
      size: 20723
    outs:
    - path: reports/forecast_detection/ability_visualizations
      hash: md5
      md5: 6beeb4d206c2d2613b1b679a24a83b40.dir
      size: 1549071
      nfiles: 13
  forecast_cost:
    cmd: python -m src.forecast_cost --input output/forecast_detection/processed_data.csv
      --out output/forecast_detection/cost_trends.csv
    deps:
    - path: output/forecast_detection/processed_data.csv
      hash: md5
      md5: 751a014873ecfa17ce7dabed23864a21
      size: 4888168
    - path: src/forecast_cost.py
      hash: md5
      md5: 2d1e2bf918168bc0462df3f12c1cb753
      size: 26517
    outs:
    - path: output/forecast_detection/cost_forecasts.csv
      hash: md5
      md5: c13883d8f72ca56e80203b80a14d237d
      size: 90170
    - path: output/forecast_detection/cost_trends.csv
      hash: md5
      md5: 7e8305d9859bedb08f4e63a6c7f39a8e
      size: 1830
  explore_cost_trends:
    cmd: python -m src.tools.explore_cost_trends --trends output/forecast_detection/cost_trends.csv
      --forecasts output/forecast_detection/cost_forecasts.csv --output reports/forecast_detection/cost_visualizations
    deps:
    - path: output/forecast_detection/cost_forecasts.csv
      hash: md5
      md5: c13883d8f72ca56e80203b80a14d237d
      size: 90170
    - path: output/forecast_detection/cost_trends.csv
      hash: md5
      md5: 7e8305d9859bedb08f4e63a6c7f39a8e
      size: 1830
    - path: src/tools/explore_cost_trends.py
      hash: md5
      md5: 041463924b532603cfabdc1376d33353
      size: 24901
    outs:
    - path: reports/forecast_detection/cost_visualizations
      hash: md5
      md5: 89c3888b204bc6be91fea0e5b2616b16.dir
      size: 1801867
      nfiles: 10
