schema: '2.0'
stages:
  preprocess:
    cmd: python -m src.preprocess --config configs/forecast_detection/preprocess.json
    deps:
    - path: configs/forecast_detection/preprocess.json
      hash: md5
      md5: 7a01baf7f38569412238cdc974bc1102
      size: 259
    - path: external_data/detection_rates/metr_public_evals_all_runs.jsonl
      hash: md5
      md5: 68452f6c550ac971c9fb13c0a1181702
      size: 9757033
    - path: src/preprocess.py
      hash: md5
      md5: 7288dfb20bfa22ddaaec181726d61964
      size: 2660
    outs:
    - path: output/forecast_detection/processed_data.csv
      hash: md5
      md5: 751a014873ecfa17ce7dabed23864a21
      size: 4888168
  model_ability_regression:
    cmd: python -m src.model_ability_regression --input output/forecast_detection/processed_data.csv
      --output output/forecast_detection/logistic_fit_results.json
    deps:
    - path: output/forecast_detection/processed_data.csv
      hash: md5
      md5: 751a014873ecfa17ce7dabed23864a21
      size: 4888168
    - path: src/model_ability_regression.py
      hash: md5
      md5: 0ce4a21739af2e51c12f15e6bb8ef63e
      size: 3401
    outs:
    - path: output/forecast_detection/logistic_fit_results.json
      hash: md5
      md5: eab1e4203259e62ec72a1f435a34965d
      size: 2096
  forecast_ability:
    cmd: python -m src.forecast_ability --params output/forecast_detection/logistic_fit_results.json
      --config configs/forecast_detection/forecast_ability.json --out output/forecast_detection/ability_forecasts.csv
    deps:
    - path: configs/forecast_detection/forecast_ability.json
      hash: md5
      md5: 1c11f9ee00493303b122a63f623f4e31
      size: 275
    - path: output/forecast_detection/logistic_fit_results.json
      hash: md5
      md5: eab1e4203259e62ec72a1f435a34965d
      size: 2096
    - path: src/forecast_ability.py
      hash: md5
      md5: f115d5b9bd670b244a8472bfe986d14d
      size: 21990
    outs:
    - path: output/forecast_detection/ability_forecasts.csv
      hash: md5
      md5: 6687806c0540c305bfecb28abf017f77
      size: 2520
  explore_ability_forecasts:
    cmd: python -m src.tools.explore_ability_forecasts --input output/forecast_detection/ability_forecasts.csv
      --output reports/forecast_detection/ability_visualizations
    deps:
    - path: output/forecast_detection/ability_forecasts.csv
      hash: md5
      md5: 06807c429c453d6bea4f4fae6e5d5b70
      size: 11896
    - path: src/tools/explore_ability_forecasts.py
      hash: md5
      md5: 24c07edb44ea0aa60fc8f4b67519506c
      size: 20723
    outs:
    - path: reports/forecast_detection/ability_visualizations
      hash: md5
      md5: 6beeb4d206c2d2613b1b679a24a83b40.dir
      size: 1549071
      nfiles: 13
  forecast_cost:
    cmd: python -m src.forecast_cost --input output/forecast_detection/processed_data.csv
      --out output/forecast_detection/cost_trends.csv --config configs/forecast_detection/forecast_cost.json
    deps:
    - path: configs/forecast_detection/forecast_cost.json
      hash: md5
      md5: 8597c7613ef1709384e1d20dbf2ea53a
      size: 286
    - path: output/forecast_detection/processed_data.csv
      hash: md5
      md5: 751a014873ecfa17ce7dabed23864a21
      size: 4888168
    - path: src/forecast_cost.py
      hash: md5
      md5: 2d1e2bf918168bc0462df3f12c1cb753
      size: 26517
    outs:
    - path: output/forecast_detection/cost_forecasts.csv
      hash: md5
      md5: 6f23df17ed3ad4100167a4de366a8789
      size: 5517
    - path: output/forecast_detection/cost_trends.csv
      hash: md5
      md5: 0c91477d89f6ec4bab7a5df1d2862f5d
      size: 191
  explore_cost_trends:
    cmd: python -m src.tools.explore_cost_trends --trends output/forecast_detection/cost_trends.csv
      --forecasts output/forecast_detection/cost_forecasts.csv --output reports/forecast_detection/cost_visualizations
    deps:
    - path: output/forecast_detection/cost_forecasts.csv
      hash: md5
      md5: c13883d8f72ca56e80203b80a14d237d
      size: 90170
    - path: output/forecast_detection/cost_trends.csv
      hash: md5
      md5: 7e8305d9859bedb08f4e63a6c7f39a8e
      size: 1830
    - path: src/tools/explore_cost_trends.py
      hash: md5
      md5: 041463924b532603cfabdc1376d33353
      size: 24901
    outs:
    - path: reports/forecast_detection/cost_visualizations
      hash: md5
      md5: 89c3888b204bc6be91fea0e5b2616b16.dir
      size: 1801867
      nfiles: 10
  forecast_evaluation:
    cmd: python -m src.forecast_evaluation --ability output/forecast_detection/ability_forecasts.csv
      --cost output/forecast_detection/cost_trends.csv --out output/forecast_detection/evaluation_forecasts.csv
      --config configs/forecast_detection/forecast_evaluation.json
    deps:
    - path: configs/forecast_detection/forecast_evaluation.json
      hash: md5
      md5: 43766c729d4bf7908014b8244008992e
      size: 639
    - path: output/forecast_detection/ability_forecasts.csv
      hash: md5
      md5: 6687806c0540c305bfecb28abf017f77
      size: 2520
    - path: output/forecast_detection/cost_trends.csv
      hash: md5
      md5: 0c91477d89f6ec4bab7a5df1d2862f5d
      size: 191
    - path: src/forecast_evaluation.py
      hash: md5
      md5: d040e018c175280a5ca74be97e3582d5
      size: 37578
    outs:
    - path: output/forecast_detection/evaluation_forecasts.csv
      hash: md5
      md5: a00810bd482b392e25da842c66f4427d
      size: 252189
  explore_evaluation_forecasts:
    cmd: python -m src.tools.explore_evaluation_forecasts --input output/forecast_detection/evaluation_forecasts.csv
      --output reports/forecast_detection/evaluation_visualizations
    deps:
    - path: output/forecast_detection/evaluation_forecasts.csv
      hash: md5
      md5: a00810bd482b392e25da842c66f4427d
      size: 252189
    - path: src/tools/explore_evaluation_forecasts.py
      hash: md5
      md5: 94a2494e12aaec2ba4dec3556fb8fd36
      size: 44128
    outs:
    - path: reports/forecast_detection/evaluation_visualizations
      hash: md5
      md5: ee48bf14ec3d0f2967b86151e6bee5b5.dir
      size: 3891815
      nfiles: 44
